// !$*UTF8*$!
{
	archiveVersion = 1;
	classes = {
	};
	objectVersion = 77;
	objects = {

/* Begin PBXBuildFile section */
		AAC135DB2E088EC5004C8039 /* SDWebImage in Frameworks */ = {isa = PBXBuildFile; productRef = AAC135DA2E088EC5004C8039 /* SDWebImage */; };
		AAC135E02E088ED2004C8039 /* SnapKit in Frameworks */ = {isa = PBXBuildFile; productRef = AAC135DF2E088ED2004C8039 /* SnapKit */; };
		AAC135E52E088EE0004C8039 /* DGCharts in Frameworks */ = {isa = PBXBuildFile; productRef = AAC135E42E088EE0004C8039 /* DGCharts */; };
		AAC1360F2E08960B004C8039 /* FirebaseAnalytics in Frameworks */ = {isa = PBXBuildFile; productRef = AAC1360E2E08960B004C8039 /* FirebaseAnalytics */; };
		AAC136112E08960B004C8039 /* FirebaseAnalyticsCore in Frameworks */ = {isa = PBXBuildFile; productRef = AAC136102E08960B004C8039 /* FirebaseAnalyticsCore */; };
		AAC136132E08960B004C8039 /* FirebaseAuth in Frameworks */ = {isa = PBXBuildFile; productRef = AAC136122E08960B004C8039 /* FirebaseAuth */; };
		AAC136152E08960B004C8039 /* FirebaseCore in Frameworks */ = {isa = PBXBuildFile; productRef = AAC136142E08960B004C8039 /* FirebaseCore */; };
		AAC136172E08960B004C8039 /* FirebaseCrashlytics in Frameworks */ = {isa = PBXBuildFile; productRef = AAC136162E08960B004C8039 /* FirebaseCrashlytics */; };
		AAC136192E08960B004C8039 /* FirebaseFirestore in Frameworks */ = {isa = PBXBuildFile; productRef = AAC136182E08960B004C8039 /* FirebaseFirestore */; };
		AAC1361C2E08961E004C8039 /* Resolver in Frameworks */ = {isa = PBXBuildFile; productRef = AAC1361B2E08961E004C8039 /* Resolver */; };
/* End PBXBuildFile section */

/* Begin PBXFileReference section */
		AAC135AC2E088971004C8039 /* Ars_ufaProject.app */ = {isa = PBXFileReference; explicitFileType = wrapper.application; includeInIndex = 0; path = Ars_ufaProject.app; sourceTree = BUILT_PRODUCTS_DIR; };
/* End PBXFileReference section */

/* Begin PBXFileSystemSynchronizedBuildFileExceptionSet section */
		AAC135BE2E088972004C8039 /* Exceptions for "Ars_ufaProject" folder in "Ars_ufaProject" target */ = {
			isa = PBXFileSystemSynchronizedBuildFileExceptionSet;
			membershipExceptions = (
				Info.plist,
			);
			target = AAC135AB2E088971004C8039 /* Ars_ufaProject */;
		};
/* End PBXFileSystemSynchronizedBuildFileExceptionSet section */

/* Begin PBXFileSystemSynchronizedRootGroup section */
		AAC135AE2E088971004C8039 /* Ars_ufaProject */ = {
			isa = PBXFileSystemSynchronizedRootGroup;
			exceptions = (
				AAC135BE2E088972004C8039 /* Exceptions for "Ars_ufaProject" folder in "Ars_ufaProject" target */,
			);
			path = Ars_ufaProject;
			sourceTree = "<group>";
		};
/* End PBXFileSystemSynchronizedRootGroup section */

/* Begin PBXFrameworksBuildPhase section */
		AAC135A92E088971004C8039 /* Frameworks */ = {
			isa = PBXFrameworksBuildPhase;
			buildActionMask = 2147483647;
			files = (
				AAC135E02E088ED2004C8039 /* SnapKit in Frameworks */,
				AAC136132E08960B004C8039 /* FirebaseAuth in Frameworks */,
				AAC135E52E088EE0004C8039 /* DGCharts in Frameworks */,
				AAC136112E08960B004C8039 /* FirebaseAnalyticsCore in Frameworks */,
				AAC136152E08960B004C8039 /* FirebaseCore in Frameworks */,
				AAC136192E08960B004C8039 /* FirebaseFirestore in Frameworks */,
				AAC136172E08960B004C8039 /* FirebaseCrashlytics in Frameworks */,
				AAC1360F2E08960B004C8039 /* FirebaseAnalytics in Frameworks */,
				AAC1361C2E08961E004C8039 /* Resolver in Frameworks */,
				AAC135DB2E088EC5004C8039 /* SDWebImage in Frameworks */,
			);
			runOnlyForDeploymentPostprocessing = 0;
		};
/* End PBXFrameworksBuildPhase section */

/* Begin PBXGroup section */
		AAC135A32E088971004C8039 = {
			isa = PBXGroup;
			children = (
				AAC135AE2E088971004C8039 /* Ars_ufaProject */,
				AAC135AD2E088971004C8039 /* Products */,
			);
			sourceTree = "<group>";
		};
		AAC135AD2E088971004C8039 /* Products */ = {
			isa = PBXGroup;
			children = (
				AAC135AC2E088971004C8039 /* Ars_ufaProject.app */,
			);
			name = Products;
			sourceTree = "<group>";
		};
/* End PBXGroup section */

/* Begin PBXNativeTarget section */
		AAC135AB2E088971004C8039 /* Ars_ufaProject */ = {
			isa = PBXNativeTarget;
			buildConfigurationList = AAC135BF2E088972004C8039 /* Build configuration list for PBXNativeTarget "Ars_ufaProject" */;
			buildPhases = (
				AAC135A82E088971004C8039 /* Sources */,
				AAC135A92E088971004C8039 /* Frameworks */,
				AAC135AA2E088971004C8039 /* Resources */,
			);
			buildRules = (
			);
			dependencies = (
			);
			fileSystemSynchronizedGroups = (
				AAC135AE2E088971004C8039 /* Ars_ufaProject */,
			);
			name = Ars_ufaProject;
			packageProductDependencies = (
				AAC135DA2E088EC5004C8039 /* SDWebImage */,
				AAC135DF2E088ED2004C8039 /* SnapKit */,
				AAC135E42E088EE0004C8039 /* DGCharts */,
				AAC1360E2E08960B004C8039 /* FirebaseAnalytics */,
				AAC136102E08960B004C8039 /* FirebaseAnalyticsCore */,
				AAC136122E08960B004C8039 /* FirebaseAuth */,
				AAC136142E08960B004C8039 /* FirebaseCore */,
				AAC136162E08960B004C8039 /* FirebaseCrashlytics */,
				AAC136182E08960B004C8039 /* FirebaseFirestore */,
				AAC1361B2E08961E004C8039 /* Resolver */,
			);
			productName = Ars_ufaProject;
			productReference = AAC135AC2E088971004C8039 /* Ars_ufaProject.app */;
			productType = "com.apple.product-type.application";
		};
/* End PBXNativeTarget section */

/* Begin PBXProject section */
		AAC135A42E088971004C8039 /* Project object */ = {
			isa = PBXProject;
			attributes = {
				BuildIndependentTargetsInParallel = 1;
				LastSwiftUpdateCheck = 1640;
				LastUpgradeCheck = 1640;
				TargetAttributes = {
					AAC135AB2E088971004C8039 = {
						CreatedOnToolsVersion = 16.4;
					};
				};
			};
			buildConfigurationList = AAC135A72E088971004C8039 /* Build configuration list for PBXProject "Ars_ufaProject" */;
			developmentRegion = en;
			hasScannedForEncodings = 0;
			knownRegions = (
				en,
				Base,
			);
			mainGroup = AAC135A32E088971004C8039;
			minimizedProjectReferenceProxies = 1;
			packageReferences = (
				AAC135D92E088EC5004C8039 /* XCRemoteSwiftPackageReference "SDWebImage" */,
				AAC135DE2E088ED2004C8039 /* XCRemoteSwiftPackageReference "SnapKit" */,
				AAC135E32E088EE0004C8039 /* XCRemoteSwiftPackageReference "Charts" */,
				AAC1360D2E08960B004C8039 /* XCRemoteSwiftPackageReference "firebase-ios-sdk" */,
				AAC1361A2E08961E004C8039 /* XCRemoteSwiftPackageReference "Resolver" */,
			);
			preferredProjectObjectVersion = 77;
			productRefGroup = AAC135AD2E088971004C8039 /* Products */;
			projectDirPath = "";
			projectRoot = "";
			targets = (
				AAC135AB2E088971004C8039 /* Ars_ufaProject */,
			);
		};
/* End PBXProject section */

/* Begin PBXResourcesBuildPhase section */
		AAC135AA2E088971004C8039 /* Resources */ = {
			isa = PBXResourcesBuildPhase;
			buildActionMask = 2147483647;
			files = (
			);
			runOnlyForDeploymentPostprocessing = 0;
		};
/* End PBXResourcesBuildPhase section */

/* Begin PBXSourcesBuildPhase section */
		AAC135A82E088971004C8039 /* Sources */ = {
			isa = PBXSourcesBuildPhase;
			buildActionMask = 2147483647;
			files = (
			);
			runOnlyForDeploymentPostprocessing = 0;
		};
/* End PBXSourcesBuildPhase section */

/* Begin XCBuildConfiguration section */
		AAC135C02E088972004C8039 /* Debug */ = {
			isa = XCBuildConfiguration;
			buildSettings = {
				ASSETCATALOG_COMPILER_APPICON_NAME = AppIcon;
				ASSETCATALOG_COMPILER_GLOBAL_ACCENT_COLOR_NAME = AccentColor;
				CODE_SIGN_STYLE = Automatic;
				CURRENT_PROJECT_VERSION = 1;
				DEVELOPMENT_TEAM = 94TM8ML2QQ;
				GENERATE_INFOPLIST_FILE = YES;
				INFOPLIST_FILE = Ars_ufaProject/Info.plist;
				INFOPLIST_KEY_UIApplicationSupportsIndirectInputEvents = YES;
				INFOPLIST_KEY_UILaunchStoryboardName = LaunchScreen;
				INFOPLIST_KEY_UIMainStoryboardFile = Main;
				INFOPLIST_KEY_UISupportedInterfaceOrientations_iPad = "UIInterfaceOrientationPortrait UIInterfaceOrientationPortraitUpsideDown UIInterfaceOrientationLandscapeLeft UIInterfaceOrientationLandscapeRight";
				INFOPLIST_KEY_UISupportedInterfaceOrientations_iPhone = "UIInterfaceOrientationPortrait UIInterfaceOrientationLandscapeLeft UIInterfaceOrientationLandscapeRight";
				IPHONEOS_DEPLOYMENT_TARGET = 16.6;
				LD_RUNPATH_SEARCH_PATHS = (
					"$(inherited)",
					"@executable_path/Frameworks",
				);
				MARKETING_VERSION = 1.0;
				PRODUCT_BUNDLE_IDENTIFIER = "ars.Ars-ufaProject";
				PRODUCT_NAME = "$(TARGET_NAME)";
				SWIFT_EMIT_LOC_STRINGS = YES;
				SWIFT_VERSION = 5.0;
				TARGETED_DEVICE_FAMILY = "1,2";
			};
			name = Debug;
		};
		AAC135C12E088972004C8039 /* Release */ = {
			isa = XCBuildConfiguration;
			buildSettings = {
				ASSETCATALOG_COMPILER_APPICON_NAME = AppIcon;
				ASSETCATALOG_COMPILER_GLOBAL_ACCENT_COLOR_NAME = AccentColor;
				CODE_SIGN_STYLE = Automatic;
				CURRENT_PROJECT_VERSION = 1;
				DEVELOPMENT_TEAM = 94TM8ML2QQ;
				GENERATE_INFOPLIST_FILE = YES;
				INFOPLIST_FILE = Ars_ufaProject/Info.plist;
				INFOPLIST_KEY_UIApplicationSupportsIndirectInputEvents = YES;
				INFOPLIST_KEY_UILaunchStoryboardName = LaunchScreen;
				INFOPLIST_KEY_UIMainStoryboardFile = Main;
				INFOPLIST_KEY_UISupportedInterfaceOrientations_iPad = "UIInterfaceOrientationPortrait UIInterfaceOrientationPortraitUpsideDown UIInterfaceOrientationLandscapeLeft UIInterfaceOrientationLandscapeRight";
				INFOPLIST_KEY_UISupportedInterfaceOrientations_iPhone = "UIInterfaceOrientationPortrait UIInterfaceOrientationLandscapeLeft UIInterfaceOrientationLandscapeRight";
				IPHONEOS_DEPLOYMENT_TARGET = 16.6;
				LD_RUNPATH_SEARCH_PATHS = (
					"$(inherited)",
					"@executable_path/Frameworks",
				);
				MARKETING_VERSION = 1.0;
				PRODUCT_BUNDLE_IDENTIFIER = "ars.Ars-ufaProject";
				PRODUCT_NAME = "$(TARGET_NAME)";
				SWIFT_EMIT_LOC_STRINGS = YES;
				SWIFT_VERSION = 5.0;
				TARGETED_DEVICE_FAMILY = "1,2";
			};
			name = Release;
		};
		AAC135C22E088972004C8039 /* Debug */ = {
			isa = XCBuildConfiguration;
			buildSettings = {
				ALWAYS_SEARCH_USER_PATHS = NO;
				ASSETCATALOG_COMPILER_GENERATE_SWIFT_ASSET_SYMBOL_EXTENSIONS = YES;
				CLANG_ANALYZER_NONNULL = YES;
				CLANG_ANALYZER_NUMBER_OBJECT_CONVERSION = YES_AGGRESSIVE;
				CLANG_CXX_LANGUAGE_STANDARD = "gnu++20";
				CLANG_ENABLE_MODULES = YES;
				CLANG_ENABLE_OBJC_ARC = YES;
				CLANG_ENABLE_OBJC_WEAK = YES;
				CLANG_WARN_BLOCK_CAPTURE_AUTORELEASING = YES;
				CLANG_WARN_BOOL_CONVERSION = YES;
				CLANG_WARN_COMMA = YES;
				CLANG_WARN_CONSTANT_CONVERSION = YES;
				CLANG_WARN_DEPRECATED_OBJC_IMPLEMENTATIONS = YES;
				CLANG_WARN_DIRECT_OBJC_ISA_USAGE = YES_ERROR;
				CLANG_WARN_DOCUMENTATION_COMMENTS = YES;
				CLANG_WARN_EMPTY_BODY = YES;
				CLANG_WARN_ENUM_CONVERSION = YES;
				CLANG_WARN_INFINITE_RECURSION = YES;
				CLANG_WARN_INT_CONVERSION = YES;
				CLANG_WARN_NON_LITERAL_NULL_CONVERSION = YES;
				CLANG_WARN_OBJC_IMPLICIT_RETAIN_SELF = YES;
				CLANG_WARN_OBJC_LITERAL_CONVERSION = YES;
				CLANG_WARN_OBJC_ROOT_CLASS = YES_ERROR;
				CLANG_WARN_QUOTED_INCLUDE_IN_FRAMEWORK_HEADER = YES;
				CLANG_WARN_RANGE_LOOP_ANALYSIS = YES;
				CLANG_WARN_STRICT_PROTOTYPES = YES;
				CLANG_WARN_SUSPICIOUS_MOVE = YES;
				CLANG_WARN_UNGUARDED_AVAILABILITY = YES_AGGRESSIVE;
				CLANG_WARN_UNREACHABLE_CODE = YES;
				CLANG_WARN__DUPLICATE_METHOD_MATCH = YES;
				COPY_PHASE_STRIP = NO;
				DEBUG_INFORMATION_FORMAT = dwarf;
				DEVELOPMENT_TEAM = 94TM8ML2QQ;
				ENABLE_STRICT_OBJC_MSGSEND = YES;
				ENABLE_TESTABILITY = YES;
				ENABLE_USER_SCRIPT_SANDBOXING = YES;
				GCC_C_LANGUAGE_STANDARD = gnu17;
				GCC_DYNAMIC_NO_PIC = NO;
				GCC_NO_COMMON_BLOCKS = YES;
				GCC_OPTIMIZATION_LEVEL = 0;
				GCC_PREPROCESSOR_DEFINITIONS = (
					"DEBUG=1",
					"$(inherited)",
				);
				GCC_WARN_64_TO_32_BIT_CONVERSION = YES;
				GCC_WARN_ABOUT_RETURN_TYPE = YES_ERROR;
				GCC_WARN_UNDECLARED_SELECTOR = YES;
				GCC_WARN_UNINITIALIZED_AUTOS = YES_AGGRESSIVE;
				GCC_WARN_UNUSED_FUNCTION = YES;
				GCC_WARN_UNUSED_VARIABLE = YES;
				IPHONEOS_DEPLOYMENT_TARGET = 18.5;
				LOCALIZATION_PREFERS_STRING_CATALOGS = YES;
				MTL_ENABLE_DEBUG_INFO = INCLUDE_SOURCE;
				MTL_FAST_MATH = YES;
				ONLY_ACTIVE_ARCH = YES;
				SDKROOT = iphoneos;
				SWIFT_ACTIVE_COMPILATION_CONDITIONS = "DEBUG $(inherited)";
				SWIFT_OPTIMIZATION_LEVEL = "-Onone";
			};
			name = Debug;
		};
		AAC135C32E088972004C8039 /* Release */ = {
			isa = XCBuildConfiguration;
			buildSettings = {
				ALWAYS_SEARCH_USER_PATHS = NO;
				ASSETCATALOG_COMPILER_GENERATE_SWIFT_ASSET_SYMBOL_EXTENSIONS = YES;
				CLANG_ANALYZER_NONNULL = YES;
				CLANG_ANALYZER_NUMBER_OBJECT_CONVERSION = YES_AGGRESSIVE;
				CLANG_CXX_LANGUAGE_STANDARD = "gnu++20";
				CLANG_ENABLE_MODULES = YES;
				CLANG_ENABLE_OBJC_ARC = YES;
				CLANG_ENABLE_OBJC_WEAK = YES;
				CLANG_WARN_BLOCK_CAPTURE_AUTORELEASING = YES;
				CLANG_WARN_BOOL_CONVERSION = YES;
				CLANG_WARN_COMMA = YES;
				CLANG_WARN_CONSTANT_CONVERSION = YES;
				CLANG_WARN_DEPRECATED_OBJC_IMPLEMENTATIONS = YES;
				CLANG_WARN_DIRECT_OBJC_ISA_USAGE = YES_ERROR;
				CLANG_WARN_DOCUMENTATION_COMMENTS = YES;
				CLANG_WARN_EMPTY_BODY = YES;
				CLANG_WARN_ENUM_CONVERSION = YES;
				CLANG_WARN_INFINITE_RECURSION = YES;
				CLANG_WARN_INT_CONVERSION = YES;
				CLANG_WARN_NON_LITERAL_NULL_CONVERSION = YES;
				CLANG_WARN_OBJC_IMPLICIT_RETAIN_SELF = YES;
				CLANG_WARN_OBJC_LITERAL_CONVERSION = YES;
				CLANG_WARN_OBJC_ROOT_CLASS = YES_ERROR;
				CLANG_WARN_QUOTED_INCLUDE_IN_FRAMEWORK_HEADER = YES;
				CLANG_WARN_RANGE_LOOP_ANALYSIS = YES;
				CLANG_WARN_STRICT_PROTOTYPES = YES;
				CLANG_WARN_SUSPICIOUS_MOVE = YES;
				CLANG_WARN_UNGUARDED_AVAILABILITY = YES_AGGRESSIVE;
				CLANG_WARN_UNREACHABLE_CODE = YES;
				CLANG_WARN__DUPLICATE_METHOD_MATCH = YES;
				COPY_PHASE_STRIP = NO;
				DEBUG_INFORMATION_FORMAT = "dwarf-with-dsym";
				DEVELOPMENT_TEAM = 94TM8ML2QQ;
				ENABLE_NS_ASSERTIONS = NO;
				ENABLE_STRICT_OBJC_MSGSEND = YES;
				ENABLE_USER_SCRIPT_SANDBOXING = YES;
				GCC_C_LANGUAGE_STANDARD = gnu17;
				GCC_NO_COMMON_BLOCKS = YES;
				GCC_WARN_64_TO_32_BIT_CONVERSION = YES;
				GCC_WARN_ABOUT_RETURN_TYPE = YES_ERROR;
				GCC_WARN_UNDECLARED_SELECTOR = YES;
				GCC_WARN_UNINITIALIZED_AUTOS = YES_AGGRESSIVE;
				GCC_WARN_UNUSED_FUNCTION = YES;
				GCC_WARN_UNUSED_VARIABLE = YES;
				IPHONEOS_DEPLOYMENT_TARGET = 18.5;
				LOCALIZATION_PREFERS_STRING_CATALOGS = YES;
				MTL_ENABLE_DEBUG_INFO = NO;
				MTL_FAST_MATH = YES;
				SDKROOT = iphoneos;
				SWIFT_COMPILATION_MODE = wholemodule;
				VALIDATE_PRODUCT = YES;
			};
			name = Release;
		};
/* End XCBuildConfiguration section */

/* Begin XCConfigurationList section */
		AAC135A72E088971004C8039 /* Build configuration list for PBXProject "Ars_ufaProject" */ = {
			isa = XCConfigurationList;
			buildConfigurations = (
				AAC135C22E088972004C8039 /* Debug */,
				AAC135C32E088972004C8039 /* Release */,
			);
			defaultConfigurationIsVisible = 0;
			defaultConfigurationName = Release;
		};
		AAC135BF2E088972004C8039 /* Build configuration list for PBXNativeTarget "Ars_ufaProject" */ = {
			isa = XCConfigurationList;
			buildConfigurations = (
				AAC135C02E088972004C8039 /* Debug */,
				AAC135C12E088972004C8039 /* Release */,
			);
			defaultConfigurationIsVisible = 0;
			defaultConfigurationName = Release;
		};
/* End XCConfigurationList section */

/* Begin XCRemoteSwiftPackageReference section */
		AAC135D92E088EC5004C8039 /* XCRemoteSwiftPackageReference "SDWebImage" */ = {
			isa = XCRemoteSwiftPackageReference;
			repositoryURL = "https://github.com/SDWebImage/SDWebImage.git";
			requirement = {
				kind = upToNextMajorVersion;
				minimumVersion = 5.21.1;
			};
		};
		AAC135DE2E088ED2004C8039 /* XCRemoteSwiftPackageReference "SnapKit" */ = {
			isa = XCRemoteSwiftPackageReference;
			repositoryURL = "https://github.com/SnapKit/SnapKit.git";
			requirement = {
				kind = upToNextMajorVersion;
				minimumVersion = 5.7.1;
			};
		};
		AAC135E32E088EE0004C8039 /* XCRemoteSwiftPackageReference "Charts" */ = {
			isa = XCRemoteSwiftPackageReference;
			repositoryURL = "https://github.com/danielgindi/Charts.git";
			requirement = {
				kind = upToNextMajorVersion;
				minimumVersion = 5.1.0;
			};
		};
		AAC1360D2E08960B004C8039 /* XCRemoteSwiftPackageReference "firebase-ios-sdk" */ = {
			isa = XCRemoteSwiftPackageReference;
			repositoryURL = "https://github.com/firebase/firebase-ios-sdk.git";
			requirement = {
				kind = upToNextMajorVersion;
				minimumVersion = 11.14.0;
			};
		};
		AAC1361A2E08961E004C8039 /* XCRemoteSwiftPackageReference "Resolver" */ = {
			isa = XCRemoteSwiftPackageReference;
			repositoryURL = "https://github.com/hmlongco/Resolver.git";
			requirement = {
				kind = upToNextMajorVersion;
				minimumVersion = 1.5.1;
			};
		};
/* End XCRemoteSwiftPackageReference section */

/* Begin XCSwiftPackageProductDependency section */
		AAC135DA2E088EC5004C8039 /* SDWebImage */ = {
			isa = XCSwiftPackageProductDependency;
			package = AAC135D92E088EC5004C8039 /* XCRemoteSwiftPackageReference "SDWebImage" */;
			productName = SDWebImage;
		};
		AAC135DF2E088ED2004C8039 /* SnapKit */ = {
			isa = XCSwiftPackageProductDependency;
			package = AAC135DE2E088ED2004C8039 /* XCRemoteSwiftPackageReference "SnapKit" */;
			productName = SnapKit;
		};
		AAC135E42E088EE0004C8039 /* DGCharts */ = {
			isa = XCSwiftPackageProductDependency;
			package = AAC135E32E088EE0004C8039 /* XCRemoteSwiftPackageReference "Charts" */;
			productName = DGCharts;
		};
		AAC1360E2E08960B004C8039 /* FirebaseAnalytics */ = {
			isa = XCSwiftPackageProductDependency;
			package = AAC1360D2E08960B004C8039 /* XCRemoteSwiftPackageReference "firebase-ios-sdk" */;
			productName = FirebaseAnalytics;
		};
		AAC136102E08960B004C8039 /* FirebaseAnalyticsCore */ = {
			isa = XCSwiftPackageProductDependency;
			package = AAC1360D2E08960B004C8039 /* XCRemoteSwiftPackageReference "firebase-ios-sdk" */;
			productName = FirebaseAnalyticsCore;
		};
		AAC136122E08960B004C8039 /* FirebaseAuth */ = {
			isa = XCSwiftPackageProductDependency;
			package = AAC1360D2E08960B004C8039 /* XCRemoteSwiftPackageReference "firebase-ios-sdk" */;
			productName = FirebaseAuth;
		};
		AAC136142E08960B004C8039 /* FirebaseCore */ = {
			isa = XCSwiftPackageProductDependency;
			package = AAC1360D2E08960B004C8039 /* XCRemoteSwiftPackageReference "firebase-ios-sdk" */;
			productName = FirebaseCore;
		};
		AAC136162E08960B004C8039 /* FirebaseCrashlytics */ = {
			isa = XCSwiftPackageProductDependency;
			package = AAC1360D2E08960B004C8039 /* XCRemoteSwiftPackageReference "firebase-ios-sdk" */;
			productName = FirebaseCrashlytics;
		};
		AAC136182E08960B004C8039 /* FirebaseFirestore */ = {
			isa = XCSwiftPackageProductDependency;
			package = AAC1360D2E08960B004C8039 /* XCRemoteSwiftPackageReference "firebase-ios-sdk" */;
			productName = FirebaseFirestore;
		};
		AAC1361B2E08961E004C8039 /* Resolver */ = {
			isa = XCSwiftPackageProductDependency;
			package = AAC1361A2E08961E004C8039 /* XCRemoteSwiftPackageReference "Resolver" */;
			productName = Resolver;
		};
/* End XCSwiftPackageProductDependency section */
	};
	rootObject = AAC135A42E088971004C8039 /* Project object */;
}
